
Microsoft Visual Studio Solution File, Format Version 12.00
# Visual Studio Version 16
VisualStudioVersion = 16.0.31402.337
MinimumVisualStudioVersion = 10.0.40219.1
Project("{FAE04EC0-301F-11D3-BF4B-00C04F79EFBC}") = "FIFO.Tests", "FIFO.Tests\FIFO.Tests.csproj", "{015D8999-2B9C-4C01-8357-673631DC689F}"
EndProject
Global
	GlobalSection(SolutionConfigurationPlatforms) = preSolution
		Debug|Any CPU = Debug|Any CPU
		Release|Any CPU = Release|Any CPU
	EndGlobalSection
	GlobalSection(ProjectConfigurationPlatforms) = postSolution
		{015D8999-2B9C-4C01-8357-673631DC689F}.Debug|Any CPU.ActiveCfg = Debug|Any CPU
		{015D8999-2B9C-4C01-8357-673631DC689F}.Debug|Any CPU.Build.0 = Debug|Any CPU
		{015D8999-2B9C-4C01-8357-673631DC689F}.Release|Any CPU.ActiveCfg = Release|Any CPU
		{015D8999-2B9C-4C01-8357-673631DC689F}.Release|Any CPU.Build.0 = Release|Any CPU
	EndGlobalSection
	GlobalSection(SolutionProperties) = preSolution
		HideSolutionNode = FALSE
	EndGlobalSection
	GlobalSection(ExtensibilityGlobals) = postSolution
		SolutionGuid = {59571AEE-2623-46CA-AEC4-C02C7E602C7F}
	EndGlobalSection
EndGlobal
